
Microsoft Visual Studio Solution File, Format Version 12.00
# Visual Studio Version 17
VisualStudioVersion = 17.10.35004.147
MinimumVisualStudioVersion = 10.0.40219.1
Project("{9A19103F-16F7-4668-BE54-9A1E7A4F7556}") = "GlobalIAPSFunctions", "GlobalIAPSFunctions\GlobalIAPSFunctions.csproj", "{91DE5463-6FDA-4A10-ADC6-7C99830C92D9}"
EndProject
Project("{9A19103F-16F7-4668-BE54-9A1E7A4F7556}") = "Helper", "Helper\Helper.csproj", "{995B32A8-4FDE-4E05-9C0B-C6D0B86D90CF}"
EndProject
Project("{FAE04EC0-301F-11D3-BF4B-00C04F79EFBC}") = "GlobalIAPSDurableFunction", "GlobalIAPSDurableFunction\GlobalIAPSDurableFunction.csproj", "{997120A4-B371-4E7E-A22B-9902B6B12B0C}"
EndProject
Global
	GlobalSection(SolutionConfigurationPlatforms) = preSolution
		Debug|Any CPU = Debug|Any CPU
		Release|Any CPU = Release|Any CPU
	EndGlobalSection
	GlobalSection(ProjectConfigurationPlatforms) = postSolution
		{91DE5463-6FDA-4A10-ADC6-7C99830C92D9}.Debug|Any CPU.ActiveCfg = Debug|Any CPU
		{91DE5463-6FDA-4A10-ADC6-7C99830C92D9}.Debug|Any CPU.Build.0 = Debug|Any CPU
		{91DE5463-6FDA-4A10-ADC6-7C99830C92D9}.Release|Any CPU.ActiveCfg = Release|Any CPU
		{91DE5463-6FDA-4A10-ADC6-7C99830C92D9}.Release|Any CPU.Build.0 = Release|Any CPU
		{995B32A8-4FDE-4E05-9C0B-C6D0B86D90CF}.Debug|Any CPU.ActiveCfg = Debug|Any CPU
		{995B32A8-4FDE-4E05-9C0B-C6D0B86D90CF}.Debug|Any CPU.Build.0 = Debug|Any CPU
		{995B32A8-4FDE-4E05-9C0B-C6D0B86D90CF}.Release|Any CPU.ActiveCfg = Release|Any CPU
		{995B32A8-4FDE-4E05-9C0B-C6D0B86D90CF}.Release|Any CPU.Build.0 = Release|Any CPU
		{997120A4-B371-4E7E-A22B-9902B6B12B0C}.Debug|Any CPU.ActiveCfg = Debug|Any CPU
		{997120A4-B371-4E7E-A22B-9902B6B12B0C}.Debug|Any CPU.Build.0 = Debug|Any CPU
		{997120A4-B371-4E7E-A22B-9902B6B12B0C}.Release|Any CPU.ActiveCfg = Release|Any CPU
		{997120A4-B371-4E7E-A22B-9902B6B12B0C}.Release|Any CPU.Build.0 = Release|Any CPU
	EndGlobalSection
	GlobalSection(SolutionProperties) = preSolution
		HideSolutionNode = FALSE
	EndGlobalSection
	GlobalSection(ExtensibilityGlobals) = postSolution
		SolutionGuid = {2A223BF6-C15B-47D8-880C-02CCB06C7DF9}
	EndGlobalSection
EndGlobal
